
Microsoft Visual Studio Solution File, Format Version 9.00
# Visual Studio 2005
Project("{FAE04EC0-301F-11D3-BF4B-00C04F79EFBC}") = "TrainingDataEncodingManager", "TrainingDataEncodingManager\TrainingDataEncodingManager.csproj", "{A667013B-CD88-434A-BF63-D826535B727F}"
EndProject
Project("{FAE04EC0-301F-11D3-BF4B-00C04F79EFBC}") = "DataEncodingManagerLib", "DataEncodingManagerLib\DataEncodingManagerLib.csproj", "{7A406174-7A35-4AB4-9666-59E3175E3CA7}"
EndProject
Global
	GlobalSection(SolutionConfigurationPlatforms) = preSolution
		Debug|Any CPU = Debug|Any CPU
		Release|Any CPU = Release|Any CPU
	EndGlobalSection
	GlobalSection(ProjectConfigurationPlatforms) = postSolution
		{A667013B-CD88-434A-BF63-D826535B727F}.Debug|Any CPU.ActiveCfg = Debug|Any CPU
		{A667013B-CD88-434A-BF63-D826535B727F}.Debug|Any CPU.Build.0 = Debug|Any CPU
		{A667013B-CD88-434A-BF63-D826535B727F}.Release|Any CPU.ActiveCfg = Release|Any CPU
		{A667013B-CD88-434A-BF63-D826535B727F}.Release|Any CPU.Build.0 = Release|Any CPU
		{7A406174-7A35-4AB4-9666-59E3175E3CA7}.Debug|Any CPU.ActiveCfg = Debug|Any CPU
		{7A406174-7A35-4AB4-9666-59E3175E3CA7}.Debug|Any CPU.Build.0 = Debug|Any CPU
		{7A406174-7A35-4AB4-9666-59E3175E3CA7}.Release|Any CPU.ActiveCfg = Release|Any CPU
		{7A406174-7A35-4AB4-9666-59E3175E3CA7}.Release|Any CPU.Build.0 = Release|Any CPU
	EndGlobalSection
	GlobalSection(SolutionProperties) = preSolution
		HideSolutionNode = FALSE
	EndGlobalSection
EndGlobal
